
Microsoft Visual Studio Solution File, Format Version 12.00
# Visual Studio 15
VisualStudioVersion = 15.0.28307.1267
MinimumVisualStudioVersion = 10.0.40219.1
Project("{FAE04EC0-301F-11D3-BF4B-00C04F79EFBC}") = "SMPImage", "SMPImage\SMPImage.csproj", "{1D3092B1-2936-4311-8CB0-FAE20220B076}"
EndProject
Project("{FAE04EC0-301F-11D3-BF4B-00C04F79EFBC}") = "SMPImageTests", "SMPImageTests\SMPImageTests.csproj", "{81ED4B49-4546-4E02-95D4-F59FE052164F}"
EndProject
Global
	GlobalSection(SolutionConfigurationPlatforms) = preSolution
		Debug|Any CPU = Debug|Any CPU
		Release|Any CPU = Release|Any CPU
	EndGlobalSection
	GlobalSection(ProjectConfigurationPlatforms) = postSolution
		{1D3092B1-2936-4311-8CB0-FAE20220B076}.Debug|Any CPU.ActiveCfg = Debug|Any CPU
		{1D3092B1-2936-4311-8CB0-FAE20220B076}.Debug|Any CPU.Build.0 = Debug|Any CPU
		{1D3092B1-2936-4311-8CB0-FAE20220B076}.Release|Any CPU.ActiveCfg = Release|Any CPU
		{1D3092B1-2936-4311-8CB0-FAE20220B076}.Release|Any CPU.Build.0 = Release|Any CPU
		{81ED4B49-4546-4E02-95D4-F59FE052164F}.Debug|Any CPU.ActiveCfg = Debug|Any CPU
		{81ED4B49-4546-4E02-95D4-F59FE052164F}.Debug|Any CPU.Build.0 = Debug|Any CPU
		{81ED4B49-4546-4E02-95D4-F59FE052164F}.Release|Any CPU.ActiveCfg = Release|Any CPU
		{81ED4B49-4546-4E02-95D4-F59FE052164F}.Release|Any CPU.Build.0 = Release|Any CPU
	EndGlobalSection
	GlobalSection(SolutionProperties) = preSolution
		HideSolutionNode = FALSE
	EndGlobalSection
	GlobalSection(ExtensibilityGlobals) = postSolution
		SolutionGuid = {37378236-6690-4760-82E2-8C17EE920B8D}
	EndGlobalSection
EndGlobal
